
Microsoft Visual Studio Solution File, Format Version 12.00
# Visual Studio 15
VisualStudioVersion = 15.0.28307.136
MinimumVisualStudioVersion = 10.0.40219.1
Project("{FAE04EC0-301F-11D3-BF4B-00C04F79EFBC}") = "Strings", "Strings\Strings.csproj", "{810402DF-56D2-4809-8107-9EC29794D351}"
EndProject
Global
	GlobalSection(SolutionConfigurationPlatforms) = preSolution
		Debug|Any CPU = Debug|Any CPU
		Release|Any CPU = Release|Any CPU
	EndGlobalSection
	GlobalSection(ProjectConfigurationPlatforms) = postSolution
		{810402DF-56D2-4809-8107-9EC29794D351}.Debug|Any CPU.ActiveCfg = Debug|Any CPU
		{810402DF-56D2-4809-8107-9EC29794D351}.Debug|Any CPU.Build.0 = Debug|Any CPU
		{810402DF-56D2-4809-8107-9EC29794D351}.Release|Any CPU.ActiveCfg = Release|Any CPU
		{810402DF-56D2-4809-8107-9EC29794D351}.Release|Any CPU.Build.0 = Release|Any CPU
	EndGlobalSection
	GlobalSection(SolutionProperties) = preSolution
		HideSolutionNode = FALSE
	EndGlobalSection
	GlobalSection(ExtensibilityGlobals) = postSolution
		SolutionGuid = {398C0DDA-BBA0-493E-8A97-090B83DB7637}
	EndGlobalSection
EndGlobal
